// !$*UTF8*$!
{
	archiveVersion = 1;
	classes = {
	};
	objectVersion = 50;
	objects = {

/* Begin PBXBuildFile section */
		C04E571B2168A74200310FEB /* AppDelegate.swift in Sources */ = {isa = PBXBuildFile; fileRef = C04E571A2168A74200310FEB /* AppDelegate.swift */; };
		C04E571D2168A74200310FEB /* ViewController.swift in Sources */ = {isa = PBXBuildFile; fileRef = C04E571C2168A74200310FEB /* ViewController.swift */; };
		C04E57202168A74200310FEB /* Main.storyboard in Resources */ = {isa = PBXBuildFile; fileRef = C04E571E2168A74200310FEB /* Main.storyboard */; };
		C04E57222168A74300310FEB /* Assets.xcassets in Resources */ = {isa = PBXBuildFile; fileRef = C04E57212168A74300310FEB /* Assets.xcassets */; };
		C04E57252168A74300310FEB /* LaunchScreen.storyboard in Resources */ = {isa = PBXBuildFile; fileRef = C04E57232168A74300310FEB /* LaunchScreen.storyboard */; };
		C04E57302168A74300310FEB /* Firestore_TutorialTests.swift in Sources */ = {isa = PBXBuildFile; fileRef = C04E572F2168A74300310FEB /* Firestore_TutorialTests.swift */; };
		C04E573B2168A74300310FEB /* Firestore_TutorialUITests.swift in Sources */ = {isa = PBXBuildFile; fileRef = C04E573A2168A74300310FEB /* Firestore_TutorialUITests.swift */; };
/* End PBXBuildFile section */

/* Begin PBXContainerItemProxy section */
		C04E572C2168A74300310FEB /* PBXContainerItemProxy */ = {
			isa = PBXContainerItemProxy;
			containerPortal = C04E570F2168A74200310FEB /* Project object */;
			proxyType = 1;
			remoteGlobalIDString = C04E57162168A74200310FEB;
			remoteInfo = "Firestore Tutorial";
		};
		C04E57372168A74300310FEB /* PBXContainerItemProxy */ = {
			isa = PBXContainerItemProxy;
			containerPortal = C04E570F2168A74200310FEB /* Project object */;
			proxyType = 1;
			remoteGlobalIDString = C04E57162168A74200310FEB;
			remoteInfo = "Firestore Tutorial";
		};
/* End PBXContainerItemProxy section */

/* Begin PBXFileReference section */
		C04E57172168A74200310FEB /* Firestore Tutorial.app */ = {isa = PBXFileReference; explicitFileType = wrapper.application; includeInIndex = 0; path = "Firestore Tutorial.app"; sourceTree = BUILT_PRODUCTS_DIR; };
		C04E571A2168A74200310FEB /* AppDelegate.swift */ = {isa = PBXFileReference; lastKnownFileType = sourcecode.swift; path = AppDelegate.swift; sourceTree = "<group>"; };
		C04E571C2168A74200310FEB /* ViewController.swift */ = {isa = PBXFileReference; lastKnownFileType = sourcecode.swift; path = ViewController.swift; sourceTree = "<group>"; };
		C04E571F2168A74200310FEB /* Base */ = {isa = PBXFileReference; lastKnownFileType = file.storyboard; name = Base; path = Base.lproj/Main.storyboard; sourceTree = "<group>"; };
		C04E57212168A74300310FEB /* Assets.xcassets */ = {isa = PBXFileReference; lastKnownFileType = folder.assetcatalog; path = Assets.xcassets; sourceTree = "<group>"; };
		C04E57242168A74300310FEB /* Base */ = {isa = PBXFileReference; lastKnownFileType = file.storyboard; name = Base; path = Base.lproj/LaunchScreen.storyboard; sourceTree = "<group>"; };
		C04E57262168A74300310FEB /* Info.plist */ = {isa = PBXFileReference; lastKnownFileType = text.plist.xml; path = Info.plist; sourceTree = "<group>"; };
		C04E572B2168A74300310FEB /* Firestore TutorialTests.xctest */ = {isa = PBXFileReference; explicitFileType = wrapper.cfbundle; includeInIndex = 0; path = "Firestore TutorialTests.xctest"; sourceTree = BUILT_PRODUCTS_DIR; };
		C04E572F2168A74300310FEB /* Firestore_TutorialTests.swift */ = {isa = PBXFileReference; lastKnownFileType = sourcecode.swift; path = Firestore_TutorialTests.swift; sourceTree = "<group>"; };
		C04E57312168A74300310FEB /* Info.plist */ = {isa = PBXFileReference; lastKnownFileType = text.plist.xml; path = Info.plist; sourceTree = "<group>"; };
		C04E57362168A74300310FEB /* Firestore TutorialUITests.xctest */ = {isa = PBXFileReference; explicitFileType = wrapper.cfbundle; includeInIndex = 0; path = "Firestore TutorialUITests.xctest"; sourceTree = BUILT_PRODUCTS_DIR; };
		C04E573A2168A74300310FEB /* Firestore_TutorialUITests.swift */ = {isa = PBXFileReference; lastKnownFileType = sourcecode.swift; path = Firestore_TutorialUITests.swift; sourceTree = "<group>"; };
		C04E573C2168A74300310FEB /* Info.plist */ = {isa = PBXFileReference; lastKnownFileType = text.plist.xml; path = Info.plist; sourceTree = "<group>"; };
/* End PBXFileReference section */

/* Begin PBXFrameworksBuildPhase section */
		C04E57142168A74200310FEB /* Frameworks */ = {
			isa = PBXFrameworksBuildPhase;
			buildActionMask = 2147483647;
			files = (
			);
			runOnlyForDeploymentPostprocessing = 0;
		};
		C04E57282168A74300310FEB /* Frameworks */ = {
			isa = PBXFrameworksBuildPhase;
			buildActionMask = 2147483647;
			files = (
			);
			runOnlyForDeploymentPostprocessing = 0;
		};
		C04E57332168A74300310FEB /* Frameworks */ = {
			isa = PBXFrameworksBuildPhase;
			buildActionMask = 2147483647;
			files = (
			);
			runOnlyForDeploymentPostprocessing = 0;
		};
/* End PBXFrameworksBuildPhase section */

/* Begin PBXGroup section */
		C04E570E2168A74200310FEB = {
			isa = PBXGroup;
			children = (
				C04E57192168A74200310FEB /* Firestore Tutorial */,
				C04E572E2168A74300310FEB /* Firestore TutorialTests */,
				C04E57392168A74300310FEB /* Firestore TutorialUITests */,
				C04E57182168A74200310FEB /* Products */,
			);
			sourceTree = "<group>";
		};
		C04E57182168A74200310FEB /* Products */ = {
			isa = PBXGroup;
			children = (
				C04E57172168A74200310FEB /* Firestore Tutorial.app */,
				C04E572B2168A74300310FEB /* Firestore TutorialTests.xctest */,
				C04E57362168A74300310FEB /* Firestore TutorialUITests.xctest */,
			);
			name = Products;
			sourceTree = "<group>";
		};
		C04E57192168A74200310FEB /* Firestore Tutorial */ = {
			isa = PBXGroup;
			children = (
				C04E571A2168A74200310FEB /* AppDelegate.swift */,
				C04E571C2168A74200310FEB /* ViewController.swift */,
				C04E571E2168A74200310FEB /* Main.storyboard */,
				C04E57212168A74300310FEB /* Assets.xcassets */,
				C04E57232168A74300310FEB /* LaunchScreen.storyboard */,
				C04E57262168A74300310FEB /* Info.plist */,
			);
			path = "Firestore Tutorial";
			sourceTree = "<group>";
		};
		C04E572E2168A74300310FEB /* Firestore TutorialTests */ = {
			isa = PBXGroup;
			children = (
				C04E572F2168A74300310FEB /* Firestore_TutorialTests.swift */,
				C04E57312168A74300310FEB /* Info.plist */,
			);
			path = "Firestore TutorialTests";
			sourceTree = "<group>";
		};
		C04E57392168A74300310FEB /* Firestore TutorialUITests */ = {
			isa = PBXGroup;
			children = (
				C04E573A2168A74300310FEB /* Firestore_TutorialUITests.swift */,
				C04E573C2168A74300310FEB /* Info.plist */,
			);
			path = "Firestore TutorialUITests";
			sourceTree = "<group>";
		};
/* End PBXGroup section */

/* Begin PBXNativeTarget section */
		C04E57162168A74200310FEB /* Firestore Tutorial */ = {
			isa = PBXNativeTarget;
			buildConfigurationList = C04E573F2168A74300310FEB /* Build configuration list for PBXNativeTarget "Firestore Tutorial" */;
			buildPhases = (
				C04E57132168A74200310FEB /* Sources */,
				C04E57142168A74200310FEB /* Frameworks */,
				C04E57152168A74200310FEB /* Resources */,
			);
			buildRules = (
			);
			dependencies = (
			);
			name = "Firestore Tutorial";
			productName = "Firestore Tutorial";
			productReference = C04E57172168A74200310FEB /* Firestore Tutorial.app */;
			productType = "com.apple.product-type.application";
		};
		C04E572A2168A74300310FEB /* Firestore TutorialTests */ = {
			isa = PBXNativeTarget;
			buildConfigurationList = C04E57422168A74300310FEB /* Build configuration list for PBXNativeTarget "Firestore TutorialTests" */;
			buildPhases = (
				C04E57272168A74300310FEB /* Sources */,
				C04E57282168A74300310FEB /* Frameworks */,
				C04E57292168A74300310FEB /* Resources */,
			);
			buildRules = (
			);
			dependencies = (
				C04E572D2168A74300310FEB /* PBXTargetDependency */,
			);
			name = "Firestore TutorialTests";
			productName = "Firestore TutorialTests";
			productReference = C04E572B2168A74300310FEB /* Firestore TutorialTests.xctest */;
			productType = "com.apple.product-type.bundle.unit-test";
		};
		C04E57352168A74300310FEB /* Firestore TutorialUITests */ = {
			isa = PBXNativeTarget;
			buildConfigurationList = C04E57452168A74300310FEB /* Build configuration list for PBXNativeTarget "Firestore TutorialUITests" */;
			buildPhases = (
				C04E57322168A74300310FEB /* Sources */,
				C04E57332168A74300310FEB /* Frameworks */,
				C04E57342168A74300310FEB /* Resources */,
			);
			buildRules = (
			);
			dependencies = (
				C04E57382168A74300310FEB /* PBXTargetDependency */,
			);
			name = "Firestore TutorialUITests";
			productName = "Firestore TutorialUITests";
			productReference = C04E57362168A74300310FEB /* Firestore TutorialUITests.xctest */;
			productType = "com.apple.product-type.bundle.ui-testing";
		};
/* End PBXNativeTarget section */

/* Begin PBXProject section */
		C04E570F2168A74200310FEB /* Project object */ = {
			isa = PBXProject;
			attributes = {
				LastSwiftUpdateCheck = 1000;
				LastUpgradeCheck = 1000;
				ORGANIZATIONNAME = "Uladzislau Daratsiuk";
				TargetAttributes = {
					C04E57162168A74200310FEB = {
						CreatedOnToolsVersion = 10.0;
					};
					C04E572A2168A74300310FEB = {
						CreatedOnToolsVersion = 10.0;
						TestTargetID = C04E57162168A74200310FEB;
					};
					C04E57352168A74300310FEB = {
						CreatedOnToolsVersion = 10.0;
						TestTargetID = C04E57162168A74200310FEB;
					};
				};
			};
			buildConfigurationList = C04E57122168A74200310FEB /* Build configuration list for PBXProject "Firestore Tutorial" */;
			compatibilityVersion = "Xcode 9.3";
			developmentRegion = en;
			hasScannedForEncodings = 0;
			knownRegions = (
				en,
				Base,
			);
			mainGroup = C04E570E2168A74200310FEB;
			productRefGroup = C04E57182168A74200310FEB /* Products */;
			projectDirPath = "";
			projectRoot = "";
			targets = (
				C04E57162168A74200310FEB /* Firestore Tutorial */,
				C04E572A2168A74300310FEB /* Firestore TutorialTests */,
				C04E57352168A74300310FEB /* Firestore TutorialUITests */,
			);
		};
/* End PBXProject section */

/* Begin PBXResourcesBuildPhase section */
		C04E57152168A74200310FEB /* Resources */ = {
			isa = PBXResourcesBuildPhase;
			buildActionMask = 2147483647;
			files = (
				C04E57252168A74300310FEB /* LaunchScreen.storyboard in Resources */,
				C04E57222168A74300310FEB /* Assets.xcassets in Resources */,
				C04E57202168A74200310FEB /* Main.storyboard in Resources */,
			);
			runOnlyForDeploymentPostprocessing = 0;
		};
		C04E57292168A74300310FEB /* Resources */ = {
			isa = PBXResourcesBuildPhase;
			buildActionMask = 2147483647;
			files = (
			);
			runOnlyForDeploymentPostprocessing = 0;
		};
		C04E57342168A74300310FEB /* Resources */ = {
			isa = PBXResourcesBuildPhase;
			buildActionMask = 2147483647;
			files = (
			);
			runOnlyForDeploymentPostprocessing = 0;
		};
/* End PBXResourcesBuildPhase section */

/* Begin PBXSourcesBuildPhase section */
		C04E57132168A74200310FEB /* Sources */ = {
			isa = PBXSourcesBuildPhase;
			buildActionMask = 2147483647;
			files = (
				C04E571D2168A74200310FEB /* ViewController.swift in Sources */,
				C04E571B2168A74200310FEB /* AppDelegate.swift in Sources */,
			);
			runOnlyForDeploymentPostprocessing = 0;
		};
		C04E57272168A74300310FEB /* Sources */ = {
			isa = PBXSourcesBuildPhase;
			buildActionMask = 2147483647;
			files = (
				C04E57302168A74300310FEB /* Firestore_TutorialTests.swift in Sources */,
			);
			runOnlyForDeploymentPostprocessing = 0;
		};
		C04E57322168A74300310FEB /* Sources */ = {
			isa = PBXSourcesBuildPhase;
			buildActionMask = 2147483647;
			files = (
				C04E573B2168A74300310FEB /* Firestore_TutorialUITests.swift in Sources */,
			);
			runOnlyForDeploymentPostprocessing = 0;
		};
/* End PBXSourcesBuildPhase section */

/* Begin PBXTargetDependency section */
		C04E572D2168A74300310FEB /* PBXTargetDependency */ = {
			isa = PBXTargetDependency;
			target = C04E57162168A74200310FEB /* Firestore Tutorial */;
			targetProxy = C04E572C2168A74300310FEB /* PBXContainerItemProxy */;
		};
		C04E57382168A74300310FEB /* PBXTargetDependency */ = {
			isa = PBXTargetDependency;
			target = C04E57162168A74200310FEB /* Firestore Tutorial */;
			targetProxy = C04E57372168A74300310FEB /* PBXContainerItemProxy */;
		};
/* End PBXTargetDependency section */

/* Begin PBXVariantGroup section */
		C04E571E2168A74200310FEB /* Main.storyboard */ = {
			isa = PBXVariantGroup;
			children = (
				C04E571F2168A74200310FEB /* Base */,
			);
			name = Main.storyboard;
			sourceTree = "<group>";
		};
		C04E57232168A74300310FEB /* LaunchScreen.storyboard */ = {
			isa = PBXVariantGroup;
			children = (
				C04E57242168A74300310FEB /* Base */,
			);
			name = LaunchScreen.storyboard;
			sourceTree = "<group>";
		};
/* End PBXVariantGroup section */

/* Begin XCBuildConfiguration section */
		C04E573D2168A74300310FEB /* Debug */ = {
			isa = XCBuildConfiguration;
			buildSettings = {
				ALWAYS_SEARCH_USER_PATHS = NO;
				CLANG_ANALYZER_NONNULL = YES;
				CLANG_ANALYZER_NUMBER_OBJECT_CONVERSION = YES_AGGRESSIVE;
				CLANG_CXX_LANGUAGE_STANDARD = "gnu++14";
				CLANG_CXX_LIBRARY = "libc++";
				CLANG_ENABLE_MODULES = YES;
				CLANG_ENABLE_OBJC_ARC = YES;
				CLANG_ENABLE_OBJC_WEAK = YES;
				CLANG_WARN_BLOCK_CAPTURE_AUTORELEASING = YES;
				CLANG_WARN_BOOL_CONVERSION = YES;
				CLANG_WARN_COMMA = YES;
				CLANG_WARN_CONSTANT_CONVERSION = YES;
				CLANG_WARN_DEPRECATED_OBJC_IMPLEMENTATIONS = YES;
				CLANG_WARN_DIRECT_OBJC_ISA_USAGE = YES_ERROR;
				CLANG_WARN_DOCUMENTATION_COMMENTS = YES;
				CLANG_WARN_EMPTY_BODY = YES;
				CLANG_WARN_ENUM_CONVERSION = YES;
				CLANG_WARN_INFINITE_RECURSION = YES;
				CLANG_WARN_INT_CONVERSION = YES;
				CLANG_WARN_NON_LITERAL_NULL_CONVERSION = YES;
				CLANG_WARN_OBJC_IMPLICIT_RETAIN_SELF = YES;
				CLANG_WARN_OBJC_LITERAL_CONVERSION = YES;
				CLANG_WARN_OBJC_ROOT_CLASS = YES_ERROR;
				CLANG_WARN_RANGE_LOOP_ANALYSIS = YES;
				CLANG_WARN_STRICT_PROTOTYPES = YES;
				CLANG_WARN_SUSPICIOUS_MOVE = YES;
				CLANG_WARN_UNGUARDED_AVAILABILITY = YES_AGGRESSIVE;
				CLANG_WARN_UNREACHABLE_CODE = YES;
				CLANG_WARN__DUPLICATE_METHOD_MATCH = YES;
				CODE_SIGN_IDENTITY = "iPhone Developer";
				COPY_PHASE_STRIP = NO;
				DEBUG_INFORMATION_FORMAT = dwarf;
				ENABLE_STRICT_OBJC_MSGSEND = YES;
				ENABLE_TESTABILITY = YES;
				GCC_C_LANGUAGE_STANDARD = gnu11;
				GCC_DYNAMIC_NO_PIC = NO;
				GCC_NO_COMMON_BLOCKS = YES;
				GCC_OPTIMIZATION_LEVEL = 0;
				GCC_PREPROCESSOR_DEFINITIONS = (
					"DEBUG=1",
					"$(inherited)",
				);
				GCC_WARN_64_TO_32_BIT_CONVERSION = YES;
				GCC_WARN_ABOUT_RETURN_TYPE = YES_ERROR;
				GCC_WARN_UNDECLARED_SELECTOR = YES;
				GCC_WARN_UNINITIALIZED_AUTOS = YES_AGGRESSIVE;
				GCC_WARN_UNUSED_FUNCTION = YES;
				GCC_WARN_UNUSED_VARIABLE = YES;
				IPHONEOS_DEPLOYMENT_TARGET = 12.0;
				MTL_ENABLE_DEBUG_INFO = INCLUDE_SOURCE;
				MTL_FAST_MATH = YES;
				ONLY_ACTIVE_ARCH = YES;
				SDKROOT = iphoneos;
				SWIFT_ACTIVE_COMPILATION_CONDITIONS = DEBUG;
				SWIFT_OPTIMIZATION_LEVEL = "-Onone";
			};
			name = Debug;
		};
		C04E573E2168A74300310FEB /* Release */ = {
			isa = XCBuildConfiguration;
			buildSettings = {
				ALWAYS_SEARCH_USER_PATHS = NO;
				CLANG_ANALYZER_NONNULL = YES;
				CLANG_ANALYZER_NUMBER_OBJECT_CONVERSION = YES_AGGRESSIVE;
				CLANG_CXX_LANGUAGE_STANDARD = "gnu++14";
				CLANG_CXX_LIBRARY = "libc++";
				CLANG_ENABLE_MODULES = YES;
				CLANG_ENABLE_OBJC_ARC = YES;
				CLANG_ENABLE_OBJC_WEAK = YES;
				CLANG_WARN_BLOCK_CAPTURE_AUTORELEASING = YES;
				CLANG_WARN_BOOL_CONVERSION = YES;
				CLANG_WARN_COMMA = YES;
				CLANG_WARN_CONSTANT_CONVERSION = YES;
				CLANG_WARN_DEPRECATED_OBJC_IMPLEMENTATIONS = YES;
				CLANG_WARN_DIRECT_OBJC_ISA_USAGE = YES_ERROR;
				CLANG_WARN_DOCUMENTATION_COMMENTS = YES;
				CLANG_WARN_EMPTY_BODY = YES;
				CLANG_WARN_ENUM_CONVERSION = YES;
				CLANG_WARN_INFINITE_RECURSION = YES;
				CLANG_WARN_INT_CONVERSION = YES;
				CLANG_WARN_NON_LITERAL_NULL_CONVERSION = YES;
				CLANG_WARN_OBJC_IMPLICIT_RETAIN_SELF = YES;
				CLANG_WARN_OBJC_LITERAL_CONVERSION = YES;
				CLANG_WARN_OBJC_ROOT_CLASS = YES_ERROR;
				CLANG_WARN_RANGE_LOOP_ANALYSIS = YES;
				CLANG_WARN_STRICT_PROTOTYPES = YES;
				CLANG_WARN_SUSPICIOUS_MOVE = YES;
				CLANG_WARN_UNGUARDED_AVAILABILITY = YES_AGGRESSIVE;
				CLANG_WARN_UNREACHABLE_CODE = YES;
				CLANG_WARN__DUPLICATE_METHOD_MATCH = YES;
				CODE_SIGN_IDENTITY = "iPhone Developer";
				COPY_PHASE_STRIP = NO;
				DEBUG_INFORMATION_FORMAT = "dwarf-with-dsym";
				ENABLE_NS_ASSERTIONS = NO;
				ENABLE_STRICT_OBJC_MSGSEND = YES;
				GCC_C_LANGUAGE_STANDARD = gnu11;
				GCC_NO_COMMON_BLOCKS = YES;
				GCC_WARN_64_TO_32_BIT_CONVERSION = YES;
				GCC_WARN_ABOUT_RETURN_TYPE = YES_ERROR;
				GCC_WARN_UNDECLARED_SELECTOR = YES;
				GCC_WARN_UNINITIALIZED_AUTOS = YES_AGGRESSIVE;
				GCC_WARN_UNUSED_FUNCTION = YES;
				GCC_WARN_UNUSED_VARIABLE = YES;
				IPHONEOS_DEPLOYMENT_TARGET = 12.0;
				MTL_ENABLE_DEBUG_INFO = NO;
				MTL_FAST_MATH = YES;
				SDKROOT = iphoneos;
				SWIFT_COMPILATION_MODE = wholemodule;
				SWIFT_OPTIMIZATION_LEVEL = "-O";
				VALIDATE_PRODUCT = YES;
			};
			name = Release;
		};
		C04E57402168A74300310FEB /* Debug */ = {
			isa = XCBuildConfiguration;
			buildSettings = {
				ASSETCATALOG_COMPILER_APPICON_NAME = AppIcon;
				CODE_SIGN_STYLE = Automatic;
				DEVELOPMENT_TEAM = Z4NGAZXKWW;
				INFOPLIST_FILE = "Firestore Tutorial/Info.plist";
				LD_RUNPATH_SEARCH_PATHS = (
					"$(inherited)",
					"@executable_path/Frameworks",
				);
				PRODUCT_BUNDLE_IDENTIFIER = "uladzislau.daratsiuk.Firestore-Tutorial";
				PRODUCT_NAME = "$(TARGET_NAME)";
				SWIFT_VERSION = 4.2;
				TARGETED_DEVICE_FAMILY = "1,2";
			};
			name = Debug;
		};
		C04E57412168A74300310FEB /* Release */ = {
			isa = XCBuildConfiguration;
			buildSettings = {
				ASSETCATALOG_COMPILER_APPICON_NAME = AppIcon;
				CODE_SIGN_STYLE = Automatic;
				DEVELOPMENT_TEAM = Z4NGAZXKWW;
				INFOPLIST_FILE = "Firestore Tutorial/Info.plist";
				LD_RUNPATH_SEARCH_PATHS = (
					"$(inherited)",
					"@executable_path/Frameworks",
				);
				PRODUCT_BUNDLE_IDENTIFIER = "uladzislau.daratsiuk.Firestore-Tutorial";
				PRODUCT_NAME = "$(TARGET_NAME)";
				SWIFT_VERSION = 4.2;
				TARGETED_DEVICE_FAMILY = "1,2";
			};
			name = Release;
		};
		C04E57432168A74300310FEB /* Debug */ = {
			isa = XCBuildConfiguration;
			buildSettings = {
				ALWAYS_EMBED_SWIFT_STANDARD_LIBRARIES = YES;
				BUNDLE_LOADER = "$(TEST_HOST)";
				CODE_SIGN_STYLE = Automatic;
				DEVELOPMENT_TEAM = Z4NGAZXKWW;
				INFOPLIST_FILE = "Firestore TutorialTests/Info.plist";
				LD_RUNPATH_SEARCH_PATHS = (
					"$(inherited)",
					"@executable_path/Frameworks",
					"@loader_path/Frameworks",
				);
				PRODUCT_BUNDLE_IDENTIFIER = "uladzislau.daratsiuk.Firestore-TutorialTests";
				PRODUCT_NAME = "$(TARGET_NAME)";
				SWIFT_VERSION = 4.2;
				TARGETED_DEVICE_FAMILY = "1,2";
				TEST_HOST = "$(BUILT_PRODUCTS_DIR)/Firestore Tutorial.app/Firestore Tutorial";
			};
			name = Debug;
		};
		C04E57442168A74300310FEB /* Release */ = {
			isa = XCBuildConfiguration;
			buildSettings = {
				ALWAYS_EMBED_SWIFT_STANDARD_LIBRARIES = YES;
				BUNDLE_LOADER = "$(TEST_HOST)";
				CODE_SIGN_STYLE = Automatic;
				DEVELOPMENT_TEAM = Z4NGAZXKWW;
				INFOPLIST_FILE = "Firestore TutorialTests/Info.plist";
				LD_RUNPATH_SEARCH_PATHS = (
					"$(inherited)",
					"@executable_path/Frameworks",
					"@loader_path/Frameworks",
				);
				PRODUCT_BUNDLE_IDENTIFIER = "uladzislau.daratsiuk.Firestore-TutorialTests";
				PRODUCT_NAME = "$(TARGET_NAME)";
				SWIFT_VERSION = 4.2;
				TARGETED_DEVICE_FAMILY = "1,2";
				TEST_HOST = "$(BUILT_PRODUCTS_DIR)/Firestore Tutorial.app/Firestore Tutorial";
			};
			name = Release;
		};
		C04E57462168A74300310FEB /* Debug */ = {
			isa = XCBuildConfiguration;
			buildSettings = {
				ALWAYS_EMBED_SWIFT_STANDARD_LIBRARIES = YES;
				CODE_SIGN_STYLE = Automatic;
				DEVELOPMENT_TEAM = Z4NGAZXKWW;
				INFOPLIST_FILE = "Firestore TutorialUITests/Info.plist";
				LD_RUNPATH_SEARCH_PATHS = (
					"$(inherited)",
					"@executable_path/Frameworks",
					"@loader_path/Frameworks",
				);
				PRODUCT_BUNDLE_IDENTIFIER = "uladzislau.daratsiuk.Firestore-TutorialUITests";
				PRODUCT_NAME = "$(TARGET_NAME)";
				SWIFT_VERSION = 4.2;
				TARGETED_DEVICE_FAMILY = "1,2";
				TEST_TARGET_NAME = "Firestore Tutorial";
			};
			name = Debug;
		};
		C04E57472168A74300310FEB /* Release */ = {
			isa = XCBuildConfiguration;
			buildSettings = {
				ALWAYS_EMBED_SWIFT_STANDARD_LIBRARIES = YES;
				CODE_SIGN_STYLE = Automatic;
				DEVELOPMENT_TEAM = Z4NGAZXKWW;
				INFOPLIST_FILE = "Firestore TutorialUITests/Info.plist";
				LD_RUNPATH_SEARCH_PATHS = (
					"$(inherited)",
					"@executable_path/Frameworks",
					"@loader_path/Frameworks",
				);
				PRODUCT_BUNDLE_IDENTIFIER = "uladzislau.daratsiuk.Firestore-TutorialUITests";
				PRODUCT_NAME = "$(TARGET_NAME)";
				SWIFT_VERSION = 4.2;
				TARGETED_DEVICE_FAMILY = "1,2";
				TEST_TARGET_NAME = "Firestore Tutorial";
			};
			name = Release;
		};
/* End XCBuildConfiguration section */

/* Begin XCConfigurationList section */
		C04E57122168A74200310FEB /* Build configuration list for PBXProject "Firestore Tutorial" */ = {
			isa = XCConfigurationList;
			buildConfigurations = (
				C04E573D2168A74300310FEB /* Debug */,
				C04E573E2168A74300310FEB /* Release */,
			);
			defaultConfigurationIsVisible = 0;
			defaultConfigurationName = Release;
		};
		C04E573F2168A74300310FEB /* Build configuration list for PBXNativeTarget "Firestore Tutorial" */ = {
			isa = XCConfigurationList;
			buildConfigurations = (
				C04E57402168A74300310FEB /* Debug */,
				C04E57412168A74300310FEB /* Release */,
			);
			defaultConfigurationIsVisible = 0;
			defaultConfigurationName = Release;
		};
		C04E57422168A74300310FEB /* Build configuration list for PBXNativeTarget "Firestore TutorialTests" */ = {
			isa = XCConfigurationList;
			buildConfigurations = (
				C04E57432168A74300310FEB /* Debug */,
				C04E57442168A74300310FEB /* Release */,
			);
			defaultConfigurationIsVisible = 0;
			defaultConfigurationName = Release;
		};
		C04E57452168A74300310FEB /* Build configuration list for PBXNativeTarget "Firestore TutorialUITests" */ = {
			isa = XCConfigurationList;
			buildConfigurations = (
				C04E57462168A74300310FEB /* Debug */,
				C04E57472168A74300310FEB /* Release */,
			);
			defaultConfigurationIsVisible = 0;
			defaultConfigurationName = Release;
		};
/* End XCConfigurationList section */
	};
	rootObject = C04E570F2168A74200310FEB /* Project object */;
}
